
Microsoft Visual Studio Solution File, Format Version 12.00
# Visual Studio 2012
Project("{FAE04EC0-301F-11D3-BF4B-00C04F79EFBC}") = "StringBuilder", "StringBuilder.csproj", "{C063B61F-8F39-4A0D-BE15-08981AAF91FF}"
EndProject
Global
	GlobalSection(SolutionConfigurationPlatforms) = preSolution
		Debug|x86 = Debug|x86
		Release|x86 = Release|x86
	EndGlobalSection
	GlobalSection(ProjectConfigurationPlatforms) = postSolution
		{C063B61F-8F39-4A0D-BE15-08981AAF91FF}.Debug|x86.ActiveCfg = Debug|x86
		{C063B61F-8F39-4A0D-BE15-08981AAF91FF}.Debug|x86.Build.0 = Debug|x86
		{C063B61F-8F39-4A0D-BE15-08981AAF91FF}.Release|x86.ActiveCfg = Release|x86
		{C063B61F-8F39-4A0D-BE15-08981AAF91FF}.Release|x86.Build.0 = Release|x86
	EndGlobalSection
EndGlobal
