
Microsoft Visual Studio Solution File, Format Version 12.00
# Visual Studio 15
VisualStudioVersion = 15.0.28010.2048
MinimumVisualStudioVersion = 10.0.40219.1
Project("{FAE04EC0-301F-11D3-BF4B-00C04F79EFBC}") = "Projekt_Zaliczeniowy", "Projekt_Zaliczeniowy\Projekt_Zaliczeniowy.csproj", "{0AC5F47D-4B93-44DE-A344-081CD117EF6C}"
EndProject
Global
	GlobalSection(SolutionConfigurationPlatforms) = preSolution
		Debug|Any CPU = Debug|Any CPU
		Release|Any CPU = Release|Any CPU
	EndGlobalSection
	GlobalSection(ProjectConfigurationPlatforms) = postSolution
		{0AC5F47D-4B93-44DE-A344-081CD117EF6C}.Debug|Any CPU.ActiveCfg = Debug|Any CPU
		{0AC5F47D-4B93-44DE-A344-081CD117EF6C}.Debug|Any CPU.Build.0 = Debug|Any CPU
		{0AC5F47D-4B93-44DE-A344-081CD117EF6C}.Release|Any CPU.ActiveCfg = Release|Any CPU
		{0AC5F47D-4B93-44DE-A344-081CD117EF6C}.Release|Any CPU.Build.0 = Release|Any CPU
	EndGlobalSection
	GlobalSection(SolutionProperties) = preSolution
		HideSolutionNode = FALSE
	EndGlobalSection
	GlobalSection(ExtensibilityGlobals) = postSolution
		SolutionGuid = {BD1C0179-6AB6-448A-85FB-A73354ECC308}
	EndGlobalSection
EndGlobal
