
Microsoft Visual Studio Solution File, Format Version 12.00
# Visual Studio 2012
Project("{FAE04EC0-301F-11D3-BF4B-00C04F79EFBC}") = "HotelRecommendationSystem", "HotelRecommendationSystem\HotelRecommendationSystem.csproj", "{0CB3DEC3-774C-4183-85B7-4724FFC345F0}"
EndProject
Project("{FAE04EC0-301F-11D3-BF4B-00C04F79EFBC}") = "HotelRecommendationSystem.Tests", "HotelRecommendationSystem.Tests\HotelRecommendationSystem.Tests.csproj", "{4344AC72-5357-42BC-969E-B479BCE270AA}"
EndProject
Global
	GlobalSection(SolutionConfigurationPlatforms) = preSolution
		Debug|Any CPU = Debug|Any CPU
		Release|Any CPU = Release|Any CPU
	EndGlobalSection
	GlobalSection(ProjectConfigurationPlatforms) = postSolution
		{0CB3DEC3-774C-4183-85B7-4724FFC345F0}.Debug|Any CPU.ActiveCfg = Debug|Any CPU
		{0CB3DEC3-774C-4183-85B7-4724FFC345F0}.Debug|Any CPU.Build.0 = Debug|Any CPU
		{0CB3DEC3-774C-4183-85B7-4724FFC345F0}.Release|Any CPU.ActiveCfg = Release|Any CPU
		{0CB3DEC3-774C-4183-85B7-4724FFC345F0}.Release|Any CPU.Build.0 = Release|Any CPU
		{4344AC72-5357-42BC-969E-B479BCE270AA}.Debug|Any CPU.ActiveCfg = Debug|Any CPU
		{4344AC72-5357-42BC-969E-B479BCE270AA}.Debug|Any CPU.Build.0 = Debug|Any CPU
		{4344AC72-5357-42BC-969E-B479BCE270AA}.Release|Any CPU.ActiveCfg = Release|Any CPU
		{4344AC72-5357-42BC-969E-B479BCE270AA}.Release|Any CPU.Build.0 = Release|Any CPU
	EndGlobalSection
EndGlobal
